#MicroXplorer Configuration settings - do not modify
Mcu.Family=STM32L4
RCC.MSI_VALUE=4000000
ProjectManager.MainLocation=Src
Dma.DAC_CH1.0.Mode=DMA_CIRCULAR
Dma.DAC_CH1.0.MemDataAlignment=DMA_MDATAALIGN_BYTE
RCC.PLLQoutputFreq_Value=80000000
RCC.USART1Freq_Value=80000000
ProjectManager.ProjectFileName=lab4.ioc
RCC.SAI1Freq_Value=13714285.714285715
RCC.CortexFreq_Value=80000000
ProjectManager.KeepUserCode=true
Mcu.UserName=STM32L475VGTx
Mcu.PinsNb=12
ProjectManager.NoMain=false
PB14.GPIO_Label=LED
RCC.PLLSAI1RoutputFreq_Value=48000000
RCC.SWPMI1Freq_Value=80000000
ProjectManager.functionlistsort=1-MX_GPIO_Init-GPIO-false-HAL-true,2-MX_DMA_Init-DMA-false-HAL-true,3-SystemClock_Config-RCC-false-HAL-false,4-MX_DAC1_Init-DAC1-false-HAL-true,5-MX_TIM2_Init-TIM2-false-HAL-true
PE10.Mode=Single Bank
PA13\ (JTMS-SWDIO).Locked=true
DAC1.IPParameters=DAC_Trigger-DAC_OUT1
ProjectManager.DefaultFWLocation=true
RCC.USART2Freq_Value=80000000
ProjectManager.DeletePrevious=true
PB14.Locked=true
RCC.VCOSAI2OutputFreq_Value=32000000
boardIOC=true
PinOutPanel.RotationAngle=0
RCC.FamilyName=M
RCC.MCO1PinFreq_Value=80000000
RCC.SYSCLKSource=RCC_SYSCLKSOURCE_PLLCLK
ProjectManager.StackSize=0x400
PB3\ (JTDO-TRACESWO).Signal=SYS_JTDO-SWO
NVIC.DMA1_Channel3_IRQn=true\:0\:0\:false\:false\:true\:false\:true
RCC.I2C3Freq_Value=80000000
RCC.LPTIM1Freq_Value=80000000
Mcu.IP4=RCC
RCC.FCLKCortexFreq_Value=80000000
Mcu.IP5=SYS
Mcu.IP2=NVIC
NVIC.SVCall_IRQn=true\:0\:0\:false\:false\:true\:true\:false
Mcu.IP3=QUADSPI
Mcu.IP0=DAC1
Dma.DAC_CH1.0.Direction=DMA_MEMORY_TO_PERIPH
Mcu.IP1=DMA
PE11.Mode=Single Bank
Mcu.UserConstants=
RCC.VCOSAI1OutputFreq_Value=96000000
Dma.DAC_CH1.0.Instance=DMA1_Channel3
ProjectManager.TargetToolchain=STM32CubeIDE
RCC.SDMMCFreq_Value=48000000
Mcu.ThirdPartyNb=0
SH.COMP_DAC11_group.0=DAC1_OUT1,DAC_OUT1
RCC.HCLKFreq_Value=80000000
Mcu.IPNb=7
TIM2.IPParameters=TIM_MasterOutputTrigger,Period
ProjectManager.PreviousToolchain=STM32CubeIDE
RCC.APB2TimFreq_Value=80000000
Dma.DAC_CH1.0.MemInc=DMA_MINC_ENABLE
Mcu.Pin6=PE15
RCC.SAI2Freq_Value=13714285.714285715
Mcu.Pin7=PB14
VP_TIM2_VS_ClockSourceINT.Signal=TIM2_VS_ClockSourceINT
ProjectManager.RegisterCallBack=
Mcu.Pin8=PA13 (JTMS-SWDIO)
RCC.USBFreq_Value=48000000
Mcu.Pin9=PB3 (JTDO-TRACESWO)
PE11.Signal=QUADSPI_NCS
RCC.LSE_VALUE=32768
RCC.AHBFreq_Value=80000000
RCC.PLLSAI1PoutputFreq_Value=13714285.714285715
Mcu.Pin0=PA4
Mcu.Pin1=PE10
PE14.Locked=true
GPIO.groupedBy=Group By Peripherals
Mcu.Pin2=PE11
Mcu.Pin3=PE12
RCC.USART3Freq_Value=80000000
Mcu.Pin4=PE13
Mcu.Pin5=PE14
PB14.Signal=GPIO_Output
RCC.PLLSAI2RoutputFreq_Value=16000000
ProjectManager.ProjectBuild=false
RCC.HSE_VALUE=8000000
NVIC.UsageFault_IRQn=true\:0\:0\:false\:false\:true\:true\:false
NVIC.DebugMonitor_IRQn=true\:0\:0\:false\:false\:true\:true\:false
board=B-L475E-IOT01A1
PA4.Locked=true
RCC.VCOOutputFreq_Value=160000000
NVIC.SysTick_IRQn=true\:0\:0\:false\:false\:true\:true\:true
ProjectManager.LastFirmware=true
ProjectManager.FirmwarePackage=STM32Cube FW_L4 V1.16.0
MxDb.Version=DB.6.0.0
PE15.Locked=true
RCC.APB2Freq_Value=80000000
PE14.Signal=QUADSPI_BK1_IO2
RCC.UART4Freq_Value=80000000
PE13.Signal=QUADSPI_BK1_IO1
PE15.Signal=QUADSPI_BK1_IO3
ProjectManager.BackupPrevious=false
MxCube.Version=6.0.1
RCC.VCOInputFreq_Value=4000000
VP_TIM2_VS_ClockSourceINT.Mode=Internal
RCC.I2C1Freq_Value=80000000
PE14.Mode=Single Bank
RCC.RNGFreq_Value=48000000
RCC.PLLSAI1QoutputFreq_Value=48000000
NVIC.TIM2_IRQn=true\:0\:0\:false\:false\:true\:true\:true
RCC.ADCFreq_Value=48000000
File.Version=6
VP_SYS_VS_Systick.Mode=SysTick
Dma.DAC_CH1.0.PeriphDataAlignment=DMA_PDATAALIGN_BYTE
NVIC.NonMaskableInt_IRQn=true\:0\:0\:false\:false\:true\:true\:false
RCC.PLLRCLKFreq_Value=80000000
PE13.Mode=Single Bank
NVIC.PendSV_IRQn=true\:0\:0\:false\:false\:true\:true\:false
DAC1.DAC_Trigger-DAC_OUT1=DAC_TRIGGER_T2_TRGO
TIM2.Period=834
RCC.UART5Freq_Value=80000000
ProjectManager.FreePins=false
RCC.IPParameters=ADCFreq_Value,AHBFreq_Value,APB1Freq_Value,APB1TimFreq_Value,APB2Freq_Value,APB2TimFreq_Value,CortexFreq_Value,DFSDMFreq_Value,FCLKCortexFreq_Value,FamilyName,HCLKFreq_Value,HSE_VALUE,HSI_VALUE,I2C1Freq_Value,I2C2Freq_Value,I2C3Freq_Value,LPTIM1Freq_Value,LPTIM2Freq_Value,LPUART1Freq_Value,LSCOPinFreq_Value,LSE_VALUE,LSI_VALUE,MCO1PinFreq_Value,MSI_VALUE,PLLN,PLLPoutputFreq_Value,PLLQoutputFreq_Value,PLLRCLKFreq_Value,PLLSAI1N,PLLSAI1PoutputFreq_Value,PLLSAI1QoutputFreq_Value,PLLSAI1RoutputFreq_Value,PLLSAI2PoutputFreq_Value,PLLSAI2RoutputFreq_Value,PWRFreq_Value,RNGFreq_Value,SAI1Freq_Value,SAI2Freq_Value,SDMMCFreq_Value,SWPMI1Freq_Value,SYSCLKFreq_VALUE,SYSCLKSource,UART4Freq_Value,UART5Freq_Value,USART1Freq_Value,USART2Freq_Value,USART3Freq_Value,USBFreq_Value,VCOInputFreq_Value,VCOOutputFreq_Value,VCOSAI1OutputFreq_Value,VCOSAI2OutputFreq_Value
PE10.Signal=QUADSPI_CLK
ProjectManager.AskForMigrate=true
Mcu.Name=STM32L475V(C-E-G)Tx
Dma.RequestsNb=1
RCC.LPTIM2Freq_Value=80000000
ProjectManager.HalAssertFull=false
PE12.Signal=QUADSPI_BK1_IO0
ProjectManager.ProjectName=lab4
ProjectManager.UnderRoot=true
PE13.Locked=true
Mcu.IP6=TIM2
ProjectManager.CoupleFile=false
Dma.DAC_CH1.0.PeriphInc=DMA_PINC_DISABLE
PA4.Signal=COMP_DAC11_group
Dma.DAC_CH1.0.RequestParameters=Instance,Direction,PeriphInc,MemInc,PeriphDataAlignment,MemDataAlignment,Mode,Priority
RCC.SYSCLKFreq_VALUE=80000000
Mcu.Package=LQFP100
NVIC.ForceEnableDMAVector=true
RCC.PLLSAI2PoutputFreq_Value=4571428.571428572
KeepUserPlacement=false
NVIC.MemoryManagement_IRQn=true\:0\:0\:false\:false\:true\:true\:false
ProjectManager.CompilerOptimize=6
ProjectManager.ToolChainLocation=
RCC.LSI_VALUE=32000
VP_SYS_VS_Systick.Signal=SYS_VS_Systick
RCC.LSCOPinFreq_Value=32000
ProjectManager.HeapSize=0x200
Dma.DAC_CH1.0.Priority=DMA_PRIORITY_LOW
NVIC.HardFault_IRQn=true\:0\:0\:false\:false\:true\:true\:false
RCC.DFSDMFreq_Value=80000000
PB14.GPIOParameters=GPIO_Label
ProjectManager.ComputerToolchain=false
RCC.HSI_VALUE=16000000
NVIC.PriorityGroup=NVIC_PRIORITYGROUP_4
TIM2.TIM_MasterOutputTrigger=TIM_TRGO_UPDATE
Mcu.Pin11=VP_TIM2_VS_ClockSourceINT
RCC.PLLN=40
RCC.PLLPoutputFreq_Value=22857142.85714286
Mcu.Pin10=VP_SYS_VS_Systick
RCC.APB1TimFreq_Value=80000000
NVIC.BusFault_IRQn=true\:0\:0\:false\:false\:true\:true\:false
RCC.PWRFreq_Value=80000000
RCC.LPUART1Freq_Value=80000000
PA13\ (JTMS-SWDIO).Signal=SYS_JTMS-SWDIO
RCC.I2C2Freq_Value=80000000
SH.COMP_DAC11_group.ConfNb=1
Dma.Request0=DAC_CH1
RCC.APB1Freq_Value=80000000
PE12.Locked=true
ProjectManager.CustomerFirmwarePackage=
ProjectManager.DeviceId=STM32L475VGTx
ProjectManager.LibraryCopy=1
PB3\ (JTDO-TRACESWO).Locked=true
PE15.Mode=Single Bank
RCC.PLLSAI1N=24
PE12.Mode=Single Bank
