#MicroXplorer Configuration settings - do not modify
Mcu.Family=STM32L4
RCC.MSI_VALUE=4000000
ProjectManager.MainLocation=Src
Dma.DAC_CH1.0.Mode=DMA_CIRCULAR
Dma.DFSDM1_FLT0.1.Priority=DMA_PRIORITY_LOW
Dma.DAC_CH1.0.MemDataAlignment=DMA_MDATAALIGN_WORD
RCC.PLLQoutputFreq_Value=80000000
RCC.USART1Freq_Value=80000000
ProjectManager.ProjectFileName=lab5.ioc
RCC.SAI1Freq_Value=13714285.714285715
RCC.CortexFreq_Value=80000000
ProjectManager.KeepUserCode=true
Mcu.UserName=STM32L475VGTx
Mcu.PinsNb=8
ProjectManager.NoMain=false
PC13.Locked=true
SH.S_CKOUTDFSDM1.ConfNb=2
PC13.Signal=GPXTI13
RCC.PLLSAI1RoutputFreq_Value=48000000
RCC.SWPMI1Freq_Value=80000000
ProjectManager.functionlistsort=1-MX_GPIO_Init-GPIO-false-HAL-true,2-MX_DMA_Init-DMA-false-HAL-true,3-SystemClock_Config-RCC-false-HAL-false,4-MX_DAC1_Init-DAC1-false-HAL-true,5-MX_TIM2_Init-TIM2-false-HAL-true,6-MX_DFSDM1_Init-DFSDM1-false-HAL-true
PA13\ (JTMS-SWDIO).Locked=true
DAC1.IPParameters=DAC_Trigger-DAC_OUT1
Dma.DFSDM1_FLT0.1.Direction=DMA_PERIPH_TO_MEMORY
SH.S_DATAIN2DFSDM1.0=DFSDM1_DATIN2,PDM_SPI_input_from_ch2_and_internal_clock
ProjectManager.DefaultFWLocation=true
RCC.USART2Freq_Value=80000000
ProjectManager.DeletePrevious=true
PC13.GPIO_Label=BUTTON
Dma.DFSDM1_FLT0.1.PeriphInc=DMA_PINC_DISABLE
RCC.VCOSAI2OutputFreq_Value=32000000
boardIOC=true
PinOutPanel.RotationAngle=0
RCC.FamilyName=M
RCC.MCO1PinFreq_Value=80000000
RCC.SYSCLKSource=RCC_SYSCLKSOURCE_PLLCLK
ProjectManager.StackSize=0x400
PB3\ (JTDO-TRACESWO).Signal=SYS_JTDO-SWO
SH.GPXTI13.0=GPIO_EXTI13
NVIC.DMA1_Channel3_IRQn=true\:0\:0\:false\:false\:true\:false\:true
RCC.I2C3Freq_Value=80000000
RCC.LPTIM1Freq_Value=80000000
Mcu.IP4=RCC
RCC.FCLKCortexFreq_Value=80000000
Mcu.IP5=SYS
Mcu.IP2=DMA
NVIC.SVCall_IRQn=true\:0\:0\:false\:false\:true\:true\:false
Mcu.IP3=NVIC
Mcu.IP0=DAC1
Dma.DAC_CH1.0.Direction=DMA_MEMORY_TO_PERIPH
Mcu.IP1=DFSDM1
Mcu.UserConstants=
RCC.VCOSAI1OutputFreq_Value=96000000
Dma.DAC_CH1.0.Instance=DMA1_Channel3
ProjectManager.TargetToolchain=STM32CubeIDE
RCC.SDMMCFreq_Value=48000000
SH.GPXTI13.ConfNb=1
Mcu.ThirdPartyNb=0
SH.COMP_DAC11_group.0=DAC1_OUT1,DAC_OUT1
RCC.HCLKFreq_Value=80000000
Mcu.IPNb=7
TIM2.IPParameters=TIM_MasterOutputTrigger,Period
ProjectManager.PreviousToolchain=STM32CubeIDE
RCC.APB2TimFreq_Value=80000000
Dma.DFSDM1_FLT0.1.Mode=DMA_NORMAL
Dma.DAC_CH1.0.MemInc=DMA_MINC_ENABLE
Dma.DFSDM1_FLT0.1.MemInc=DMA_MINC_ENABLE
Mcu.Pin6=VP_SYS_VS_Systick
RCC.SAI2Freq_Value=13714285.714285715
Mcu.Pin7=VP_TIM2_VS_ClockSourceINT
VP_TIM2_VS_ClockSourceINT.Signal=TIM2_VS_ClockSourceINT
ProjectManager.RegisterCallBack=
RCC.USBFreq_Value=48000000
RCC.LSE_VALUE=32768
RCC.AHBFreq_Value=80000000
RCC.PLLSAI1PoutputFreq_Value=13714285.714285715
Mcu.Pin0=PC13
Mcu.Pin1=PA4
GPIO.groupedBy=Group By Peripherals
Mcu.Pin2=PE7
Mcu.Pin3=PE9
RCC.USART3Freq_Value=80000000
Mcu.Pin4=PA13 (JTMS-SWDIO)
NVIC.EXTI15_10_IRQn=true\:0\:0\:false\:false\:true\:true\:true
Mcu.Pin5=PB3 (JTDO-TRACESWO)
RCC.PLLSAI2RoutputFreq_Value=16000000
ProjectManager.ProjectBuild=false
RCC.HSE_VALUE=8000000
NVIC.UsageFault_IRQn=true\:0\:0\:false\:false\:true\:true\:false
NVIC.DebugMonitor_IRQn=true\:0\:0\:false\:false\:true\:true\:false
board=B-L475E-IOT01A1
PA4.Locked=true
Dma.DFSDM1_FLT0.1.MemDataAlignment=DMA_MDATAALIGN_WORD
RCC.VCOOutputFreq_Value=160000000
NVIC.SysTick_IRQn=true\:0\:0\:false\:false\:true\:true\:true
ProjectManager.LastFirmware=true
DFSDM1.FastMode_reg_FIL0=ENABLE
ProjectManager.FirmwarePackage=STM32Cube FW_L4 V1.16.0
MxDb.Version=DB.6.0.0
RCC.APB2Freq_Value=80000000
RCC.UART4Freq_Value=80000000
ProjectManager.BackupPrevious=false
MxCube.Version=6.0.1
RCC.VCOInputFreq_Value=4000000
VP_TIM2_VS_ClockSourceINT.Mode=Internal
RCC.I2C1Freq_Value=80000000
PE9.Signal=S_CKOUTDFSDM1
PC13.GPIOParameters=GPIO_Label,GPIO_ModeDefaultEXTI
PE9.Locked=true
RCC.RNGFreq_Value=48000000
SH.S_CKOUTDFSDM1.0=DFSDM1_CKOUT,PDM_SPI_input_from_ch2_and_internal_clock
RCC.PLLSAI1QoutputFreq_Value=48000000
SH.S_CKOUTDFSDM1.1=DFSDM1_CKOUT,CKOUT
NVIC.TIM2_IRQn=true\:0\:0\:false\:false\:true\:true\:true
RCC.ADCFreq_Value=48000000
File.Version=6
VP_SYS_VS_Systick.Mode=SysTick
Dma.DAC_CH1.0.PeriphDataAlignment=DMA_PDATAALIGN_WORD
Dma.DFSDM1_FLT0.1.Instance=DMA1_Channel4
NVIC.NonMaskableInt_IRQn=true\:0\:0\:false\:false\:true\:true\:false
RCC.PLLRCLKFreq_Value=80000000
DFSDM1.Fosr_FIL0=100
NVIC.PendSV_IRQn=true\:0\:0\:false\:false\:true\:true\:false
DAC1.DAC_Trigger-DAC_OUT1=DAC_TRIGGER_T2_TRGO
TIM2.Period=4000
RCC.UART5Freq_Value=80000000
PE7.Locked=true
ProjectManager.FreePins=false
RCC.IPParameters=ADCFreq_Value,AHBFreq_Value,APB1Freq_Value,APB1TimFreq_Value,APB2Freq_Value,APB2TimFreq_Value,CortexFreq_Value,DFSDMFreq_Value,FCLKCortexFreq_Value,FamilyName,HCLKFreq_Value,HSE_VALUE,HSI_VALUE,I2C1Freq_Value,I2C2Freq_Value,I2C3Freq_Value,LPTIM1Freq_Value,LPTIM2Freq_Value,LPUART1Freq_Value,LSCOPinFreq_Value,LSE_VALUE,LSI_VALUE,MCO1PinFreq_Value,MSI_VALUE,PLLN,PLLPoutputFreq_Value,PLLQoutputFreq_Value,PLLRCLKFreq_Value,PLLSAI1N,PLLSAI1PoutputFreq_Value,PLLSAI1QoutputFreq_Value,PLLSAI1RoutputFreq_Value,PLLSAI2PoutputFreq_Value,PLLSAI2RoutputFreq_Value,PWRFreq_Value,RNGFreq_Value,SAI1Freq_Value,SAI2Freq_Value,SDMMCFreq_Value,SWPMI1Freq_Value,SYSCLKFreq_VALUE,SYSCLKSource,UART4Freq_Value,UART5Freq_Value,USART1Freq_Value,USART2Freq_Value,USART3Freq_Value,USBFreq_Value,VCOInputFreq_Value,VCOOutputFreq_Value,VCOSAI1OutputFreq_Value,VCOSAI2OutputFreq_Value
ProjectManager.AskForMigrate=true
Mcu.Name=STM32L475V(C-E-G)Tx
Dma.RequestsNb=2
RCC.LPTIM2Freq_Value=80000000
ProjectManager.HalAssertFull=false
ProjectManager.ProjectName=lab5
ProjectManager.UnderRoot=true
Mcu.IP6=TIM2
ProjectManager.CoupleFile=false
Dma.DAC_CH1.0.PeriphInc=DMA_PINC_DISABLE
PA4.Signal=COMP_DAC11_group
Dma.DAC_CH1.0.RequestParameters=Instance,Direction,PeriphInc,MemInc,PeriphDataAlignment,MemDataAlignment,Mode,Priority
RCC.SYSCLKFreq_VALUE=80000000
Mcu.Package=LQFP100
Dma.DFSDM1_FLT0.1.PeriphDataAlignment=DMA_PDATAALIGN_WORD
NVIC.ForceEnableDMAVector=true
RCC.PLLSAI2PoutputFreq_Value=4571428.571428572
KeepUserPlacement=false
PC13.GPIO_ModeDefaultEXTI=GPIO_MODE_IT_FALLING
NVIC.MemoryManagement_IRQn=true\:0\:0\:false\:false\:true\:true\:false
ProjectManager.CompilerOptimize=6
ProjectManager.ToolChainLocation=
RCC.LSI_VALUE=32000
VP_SYS_VS_Systick.Signal=SYS_VS_Systick
RCC.LSCOPinFreq_Value=32000
SH.S_DATAIN2DFSDM1.ConfNb=1
ProjectManager.HeapSize=0x200
Dma.DAC_CH1.0.Priority=DMA_PRIORITY_LOW
NVIC.HardFault_IRQn=true\:0\:0\:false\:false\:true\:true\:false
RCC.DFSDMFreq_Value=80000000
ProjectManager.ComputerToolchain=false
RCC.HSI_VALUE=16000000
DFSDM1.IPParameters=Filter_regChannel_FIL0,FastMode_reg_FIL0,DmaMode_reg_FIL0,SincOrder_FIL0,Fosr_FIL0,Filter_regChannel_FIL1,Divider
NVIC.PriorityGroup=NVIC_PRIORITYGROUP_4
TIM2.TIM_MasterOutputTrigger=TIM_TRGO_UPDATE
DFSDM1.DmaMode_reg_FIL0=ENABLE
RCC.PLLN=40
RCC.PLLPoutputFreq_Value=22857142.85714286
Dma.Request1=DFSDM1_FLT0
RCC.APB1TimFreq_Value=80000000
DFSDM1.Filter_regChannel_FIL1=__NULL
DFSDM1.Divider=40
NVIC.BusFault_IRQn=true\:0\:0\:false\:false\:true\:true\:false
RCC.PWRFreq_Value=80000000
RCC.LPUART1Freq_Value=80000000
NVIC.DMA1_Channel4_IRQn=true\:0\:0\:false\:false\:true\:false\:true
PE7.Signal=S_DATAIN2DFSDM1
PA13\ (JTMS-SWDIO).Signal=SYS_JTMS-SWDIO
DFSDM1.Filter_regChannel_FIL0=DFSDM_CHANNEL_2
RCC.I2C2Freq_Value=80000000
SH.COMP_DAC11_group.ConfNb=1
Dma.Request0=DAC_CH1
RCC.APB1Freq_Value=80000000
DFSDM1.SincOrder_FIL0=DFSDM_FILTER_SINC3_ORDER
ProjectManager.CustomerFirmwarePackage=
Dma.DFSDM1_FLT0.1.RequestParameters=Instance,Direction,PeriphInc,MemInc,PeriphDataAlignment,MemDataAlignment,Mode,Priority
ProjectManager.DeviceId=STM32L475VGTx
ProjectManager.LibraryCopy=1
PB3\ (JTDO-TRACESWO).Locked=true
RCC.PLLSAI1N=24
