#MicroXplorer Configuration settings - do not modify
Mcu.Family=STM32L4
RCC.MSI_VALUE=4000000
ProjectManager.MainLocation=Core/Src
RCC.PLLQoutputFreq_Value=80000000
RCC.USART1Freq_Value=80000000
ProjectManager.ProjectFileName=lab3.ioc
RCC.SAI1Freq_Value=13714285.714285715
RCC.CortexFreq_Value=80000000
ProjectManager.KeepUserCode=true
Mcu.PinsNb=3
Mcu.UserName=STM32L475VGTx
ProjectManager.NoMain=false
ADC1.IPParameters=Rank-1\#ChannelRegularConversion,master,Channel-1\#ChannelRegularConversion,SamplingTime-1\#ChannelRegularConversion,OffsetNumber-1\#ChannelRegularConversion,NbrOfConversionFlag
RCC.PLLSAI1RoutputFreq_Value=48000000
RCC.SWPMI1Freq_Value=80000000
ProjectManager.functionlistsort=1-SystemClock_Config-RCC-false-HAL-false,2-MX_ADC1_Init-ADC1-false-HAL-true,3-MX_ADC3_Init-ADC3-false-HAL-true
ProjectManager.DefaultFWLocation=true
RCC.USART2Freq_Value=80000000
ProjectManager.DeletePrevious=true
RCC.VCOSAI2OutputFreq_Value=32000000
boardIOC=true
ADC3.Channel-0\#ChannelRegularConversion=ADC_CHANNEL_TEMPSENSOR
PinOutPanel.RotationAngle=0
RCC.FamilyName=M
RCC.MCO1PinFreq_Value=80000000
RCC.SYSCLKSource=RCC_SYSCLKSOURCE_PLLCLK
ProjectManager.StackSize=0x400
RCC.I2C3Freq_Value=80000000
RCC.LPTIM1Freq_Value=80000000
Mcu.IP4=SYS
RCC.FCLKCortexFreq_Value=80000000
Mcu.IP2=NVIC
NVIC.SVCall_IRQn=true\:0\:0\:false\:false\:true\:true\:false
Mcu.IP3=RCC
Mcu.IP0=ADC1
Mcu.IP1=ADC3
ADC3.SamplingTime-0\#ChannelRegularConversion=ADC_SAMPLETIME_47CYCLES_5
Mcu.UserConstants=
RCC.VCOSAI1OutputFreq_Value=96000000
ProjectManager.TargetToolchain=STM32CubeIDE
RCC.SDMMCFreq_Value=48000000
Mcu.ThirdPartyNb=0
RCC.HCLKFreq_Value=80000000
Mcu.IPNb=5
ProjectManager.PreviousToolchain=STM32CubeIDE
RCC.APB2TimFreq_Value=80000000
ADC1.Channel-1\#ChannelRegularConversion=ADC_CHANNEL_VREFINT
RCC.SAI2Freq_Value=13714285.714285715
ProjectManager.RegisterCallBack=
RCC.USBFreq_Value=48000000
RCC.AHBFreq_Value=80000000
RCC.PLLSAI1PoutputFreq_Value=13714285.714285715
Mcu.Pin0=VP_ADC1_Vref_Input
Mcu.Pin1=VP_ADC3_TempSens_Input
Mcu.Pin2=VP_SYS_VS_Systick
RCC.USART3Freq_Value=80000000
RCC.PLLSAI2RoutputFreq_Value=16000000
ProjectManager.ProjectBuild=false
RCC.HSE_VALUE=8000000
NVIC.UsageFault_IRQn=true\:0\:0\:false\:false\:true\:true\:false
NVIC.DebugMonitor_IRQn=true\:0\:0\:false\:false\:true\:true\:false
board=B-L475E-IOT01A1
RCC.VCOOutputFreq_Value=160000000
NVIC.SysTick_IRQn=true\:0\:0\:false\:false\:true\:true\:true
ProjectManager.LastFirmware=true
ProjectManager.FirmwarePackage=STM32Cube FW_L4 V1.16.0
VP_ADC1_Vref_Input.Mode=IN-Vrefint
MxDb.Version=DB.6.0.0
RCC.APB2Freq_Value=80000000
RCC.UART4Freq_Value=80000000
ProjectManager.BackupPrevious=false
MxCube.Version=6.0.1
RCC.VCOInputFreq_Value=4000000
RCC.I2C1Freq_Value=80000000
RCC.RNGFreq_Value=48000000
RCC.PLLSAI1QoutputFreq_Value=48000000
RCC.ADCFreq_Value=48000000
File.Version=6
VP_SYS_VS_Systick.Mode=SysTick
VP_ADC1_Vref_Input.Signal=ADC1_Vref_Input
ADC3.IPParameters=Rank-0\#ChannelRegularConversion,Channel-0\#ChannelRegularConversion,SamplingTime-0\#ChannelRegularConversion,OffsetNumber-0\#ChannelRegularConversion,NbrOfConversionFlag
NVIC.NonMaskableInt_IRQn=true\:0\:0\:false\:false\:true\:true\:false
RCC.PLLRCLKFreq_Value=80000000
NVIC.PendSV_IRQn=true\:0\:0\:false\:false\:true\:true\:false
RCC.UART5Freq_Value=80000000
ProjectManager.FreePins=false
VP_ADC3_TempSens_Input.Signal=ADC3_TempSens_Input
RCC.IPParameters=ADCFreq_Value,AHBFreq_Value,APB1Freq_Value,APB1TimFreq_Value,APB2Freq_Value,APB2TimFreq_Value,CortexFreq_Value,DFSDMFreq_Value,FCLKCortexFreq_Value,FamilyName,HCLKFreq_Value,HSE_VALUE,HSI_VALUE,I2C1Freq_Value,I2C2Freq_Value,I2C3Freq_Value,LPTIM1Freq_Value,LPTIM2Freq_Value,LPUART1Freq_Value,LSCOPinFreq_Value,LSI_VALUE,MCO1PinFreq_Value,MSI_VALUE,PLLN,PLLPoutputFreq_Value,PLLQoutputFreq_Value,PLLRCLKFreq_Value,PLLSAI1N,PLLSAI1PoutputFreq_Value,PLLSAI1QoutputFreq_Value,PLLSAI1RoutputFreq_Value,PLLSAI2PoutputFreq_Value,PLLSAI2RoutputFreq_Value,PWRFreq_Value,RNGFreq_Value,SAI1Freq_Value,SAI2Freq_Value,SDMMCFreq_Value,SWPMI1Freq_Value,SYSCLKFreq_VALUE,SYSCLKSource,UART4Freq_Value,UART5Freq_Value,USART1Freq_Value,USART2Freq_Value,USART3Freq_Value,USBFreq_Value,VCOInputFreq_Value,VCOOutputFreq_Value,VCOSAI1OutputFreq_Value,VCOSAI2OutputFreq_Value
ProjectManager.AskForMigrate=true
Mcu.Name=STM32L475V(C-E-G)Tx
RCC.LPTIM2Freq_Value=80000000
ProjectManager.HalAssertFull=false
ProjectManager.ProjectName=lab3
ProjectManager.UnderRoot=true
ProjectManager.CoupleFile=false
ADC1.SamplingTime-1\#ChannelRegularConversion=ADC_SAMPLETIME_47CYCLES_5
RCC.SYSCLKFreq_VALUE=80000000
Mcu.Package=LQFP100
ADC1.master=1
NVIC.ForceEnableDMAVector=true
RCC.PLLSAI2PoutputFreq_Value=4571428.571428572
KeepUserPlacement=false
NVIC.MemoryManagement_IRQn=true\:0\:0\:false\:false\:true\:true\:false
ProjectManager.CompilerOptimize=6
ADC1.Rank-1\#ChannelRegularConversion=1
ProjectManager.ToolChainLocation=
RCC.LSI_VALUE=32000
VP_SYS_VS_Systick.Signal=SYS_VS_Systick
ADC3.Rank-0\#ChannelRegularConversion=1
RCC.LSCOPinFreq_Value=32000
ProjectManager.HeapSize=0x200
ADC1.OffsetNumber-1\#ChannelRegularConversion=ADC_OFFSET_NONE
NVIC.HardFault_IRQn=true\:0\:0\:false\:false\:true\:true\:false
RCC.DFSDMFreq_Value=80000000
ADC3.OffsetNumber-0\#ChannelRegularConversion=ADC_OFFSET_NONE
ProjectManager.ComputerToolchain=false
RCC.HSI_VALUE=16000000
NVIC.PriorityGroup=NVIC_PRIORITYGROUP_4
ADC1.NbrOfConversionFlag=1
RCC.PLLN=40
RCC.PLLPoutputFreq_Value=22857142.85714286
RCC.APB1TimFreq_Value=80000000
VP_ADC3_TempSens_Input.Mode=IN-TempSens
NVIC.BusFault_IRQn=true\:0\:0\:false\:false\:true\:true\:false
RCC.PWRFreq_Value=80000000
RCC.LPUART1Freq_Value=80000000
RCC.I2C2Freq_Value=80000000
RCC.APB1Freq_Value=80000000
ADC3.NbrOfConversionFlag=1
ProjectManager.CustomerFirmwarePackage=
ProjectManager.DeviceId=STM32L475VGTx
ProjectManager.LibraryCopy=1
RCC.PLLSAI1N=24
